
Microsoft Visual Studio Solution File, Format Version 12.00
Project("{FAE04EC0-301F-11D3-BF4B-00C04F79EFBC}") = "MyLibJC.Hub", "MyLibJC.Hub\MyLibJC.Hub.csproj", "{B0B5EC6A-9F5F-4FE8-B635-2014D83263F9}"
EndProject
Project("{FAE04EC0-301F-11D3-BF4B-00C04F79EFBC}") = "MyLibJC.DB", "MyLibJC.DB\MyLibJC.DB.csproj", "{883747EB-EB28-45F6-8606-3DC6C0F456FF}"
EndProject
Project("{FAE04EC0-301F-11D3-BF4B-00C04F79EFBC}") = "MyLibJC.Cfg", "MyLibJC.Cfg\MyLibJC.Cfg.csproj", "{87946D5F-A4F1-403E-8290-C54EF97B186F}"
EndProject
Project("{FAE04EC0-301F-11D3-BF4B-00C04F79EFBC}") = "MyLibJC.Consts", "MyLibJC.Consts\MyLibJC.Consts.csproj", "{AE85C778-D20E-45F5-8144-06B5986450ED}"
EndProject
Project("{FAE04EC0-301F-11D3-BF4B-00C04F79EFBC}") = "MyLibJC.DAL", "MyLibJC.DAL\MyLibJC.DAL.csproj", "{8FA980E3-AAFE-4930-B687-FBE5B368885F}"
EndProject
Project("{FAE04EC0-301F-11D3-BF4B-00C04F79EFBC}") = "MyLibJC.Error", "MyLibJC.Error\MyLibJC.Error.csproj", "{DC6972DD-5C98-4CD8-AC87-0DD33EF5FDAC}"
EndProject
Global
	GlobalSection(SolutionConfigurationPlatforms) = preSolution
		Debug|Any CPU = Debug|Any CPU
		Release|Any CPU = Release|Any CPU
	EndGlobalSection
	GlobalSection(ProjectConfigurationPlatforms) = postSolution
		{B0B5EC6A-9F5F-4FE8-B635-2014D83263F9}.Debug|Any CPU.ActiveCfg = Debug|Any CPU
		{B0B5EC6A-9F5F-4FE8-B635-2014D83263F9}.Debug|Any CPU.Build.0 = Debug|Any CPU
		{B0B5EC6A-9F5F-4FE8-B635-2014D83263F9}.Release|Any CPU.ActiveCfg = Release|Any CPU
		{B0B5EC6A-9F5F-4FE8-B635-2014D83263F9}.Release|Any CPU.Build.0 = Release|Any CPU
		{883747EB-EB28-45F6-8606-3DC6C0F456FF}.Debug|Any CPU.ActiveCfg = Debug|Any CPU
		{883747EB-EB28-45F6-8606-3DC6C0F456FF}.Debug|Any CPU.Build.0 = Debug|Any CPU
		{883747EB-EB28-45F6-8606-3DC6C0F456FF}.Release|Any CPU.ActiveCfg = Release|Any CPU
		{883747EB-EB28-45F6-8606-3DC6C0F456FF}.Release|Any CPU.Build.0 = Release|Any CPU
		{87946D5F-A4F1-403E-8290-C54EF97B186F}.Debug|Any CPU.ActiveCfg = Debug|Any CPU
		{87946D5F-A4F1-403E-8290-C54EF97B186F}.Debug|Any CPU.Build.0 = Debug|Any CPU
		{87946D5F-A4F1-403E-8290-C54EF97B186F}.Release|Any CPU.ActiveCfg = Release|Any CPU
		{87946D5F-A4F1-403E-8290-C54EF97B186F}.Release|Any CPU.Build.0 = Release|Any CPU
		{AE85C778-D20E-45F5-8144-06B5986450ED}.Debug|Any CPU.ActiveCfg = Debug|Any CPU
		{AE85C778-D20E-45F5-8144-06B5986450ED}.Debug|Any CPU.Build.0 = Debug|Any CPU
		{AE85C778-D20E-45F5-8144-06B5986450ED}.Release|Any CPU.ActiveCfg = Release|Any CPU
		{AE85C778-D20E-45F5-8144-06B5986450ED}.Release|Any CPU.Build.0 = Release|Any CPU
		{8FA980E3-AAFE-4930-B687-FBE5B368885F}.Debug|Any CPU.ActiveCfg = Debug|Any CPU
		{8FA980E3-AAFE-4930-B687-FBE5B368885F}.Debug|Any CPU.Build.0 = Debug|Any CPU
		{8FA980E3-AAFE-4930-B687-FBE5B368885F}.Release|Any CPU.ActiveCfg = Release|Any CPU
		{8FA980E3-AAFE-4930-B687-FBE5B368885F}.Release|Any CPU.Build.0 = Release|Any CPU
		{DC6972DD-5C98-4CD8-AC87-0DD33EF5FDAC}.Debug|Any CPU.ActiveCfg = Debug|Any CPU
		{DC6972DD-5C98-4CD8-AC87-0DD33EF5FDAC}.Debug|Any CPU.Build.0 = Debug|Any CPU
		{DC6972DD-5C98-4CD8-AC87-0DD33EF5FDAC}.Release|Any CPU.ActiveCfg = Release|Any CPU
		{DC6972DD-5C98-4CD8-AC87-0DD33EF5FDAC}.Release|Any CPU.Build.0 = Release|Any CPU
	EndGlobalSection
EndGlobal
